
Microsoft Visual Studio Solution File, Format Version 12.00
# Visual Studio 15
VisualStudioVersion = 15.0.27004.2009
MinimumVisualStudioVersion = 10.0.40219.1
Project("{FAE04EC0-301F-11D3-BF4B-00C04F79EFBC}") = "BlueGYMapiDB2", "BlueGYMapiDB2\BlueGYMapiDB2.csproj", "{1A8564E8-B675-4D2E-8505-F0A2908071ED}"
EndProject
Global
	GlobalSection(SolutionConfigurationPlatforms) = preSolution
		Debug|Any CPU = Debug|Any CPU
		Release|Any CPU = Release|Any CPU
	EndGlobalSection
	GlobalSection(ProjectConfigurationPlatforms) = postSolution
		{1A8564E8-B675-4D2E-8505-F0A2908071ED}.Debug|Any CPU.ActiveCfg = Debug|Any CPU
		{1A8564E8-B675-4D2E-8505-F0A2908071ED}.Debug|Any CPU.Build.0 = Debug|Any CPU
		{1A8564E8-B675-4D2E-8505-F0A2908071ED}.Release|Any CPU.ActiveCfg = Release|Any CPU
		{1A8564E8-B675-4D2E-8505-F0A2908071ED}.Release|Any CPU.Build.0 = Release|Any CPU
	EndGlobalSection
	GlobalSection(SolutionProperties) = preSolution
		HideSolutionNode = FALSE
	EndGlobalSection
	GlobalSection(ExtensibilityGlobals) = postSolution
		SolutionGuid = {98EEFB89-B7DC-4B53-B010-88D976C53491}
	EndGlobalSection
EndGlobal
